
Microsoft Visual Studio Solution File, Format Version 12.00
# Visual Studio 14
VisualStudioVersion = 14.0.25420.1
MinimumVisualStudioVersion = 10.0.40219.1
Project("{FAE04EC0-301F-11D3-BF4B-00C04F79EFBC}") = "PoseidonSolution", "PoseidonSolution\PoseidonSolution.csproj", "{BE4FDACB-01FF-4016-A694-E96BD294DD94}"
EndProject
Project("{FAE04EC0-301F-11D3-BF4B-00C04F79EFBC}") = "PoseidonApp", "..\PoseidonApp\PoseidonApp.csproj", "{8EC9E0F2-0898-4377-B272-52F2BBA47BE5}"
EndProject
Project("{FAE04EC0-301F-11D3-BF4B-00C04F79EFBC}") = "PoseidonData", "..\PoseidonData\PoseidonData.csproj", "{BD897C89-8536-46FE-BA87-FECC8A7CF655}"
EndProject
Project("{FAE04EC0-301F-11D3-BF4B-00C04F79EFBC}") = "PoseidonMain", "..\PoseidonMain\PoseidonMain.csproj", "{47AC7285-EDC1-4EF4-BCA8-1CBFF93EC1EB}"
EndProject
Project("{FAE04EC0-301F-11D3-BF4B-00C04F79EFBC}") = "AbsCommonUtilsLibrary", "..\..\CRS.Common\AbsCommonUtilsLibrary\AbsCommonUtilsLibrary.csproj", "{F1477261-8650-4542-AD22-E0ADB5FFF53E}"
EndProject
Project("{FAE04EC0-301F-11D3-BF4B-00C04F79EFBC}") = "CRS.DBLibrary", "..\..\CRS.Common\CRS.DBLibrary\CRS.DBLibrary.csproj", "{09CC6FE5-D730-48F5-A9BC-27AD64163734}"
EndProject
Project("{FAE04EC0-301F-11D3-BF4B-00C04F79EFBC}") = "CRS.Library", "..\..\CRS.Common\CRS.Library\CRS.Library.csproj", "{89B3F42C-185D-4D47-BE3C-467125236C31}"
EndProject
Project("{FAE04EC0-301F-11D3-BF4B-00C04F79EFBC}") = "CRS.MainFormIniLib", "..\..\CRS.Common\CRS.MainFormIniLib\CRS.MainFormIniLib.csproj", "{FE2AF5CE-7D28-4446-97E3-050F91FC2B11}"
EndProject
Project("{FAE04EC0-301F-11D3-BF4B-00C04F79EFBC}") = "CRS.CommonControlsLib", "..\..\CRS.Common\CRS.CommonControlsLib\CRS.CommonControlsLib.csproj", "{F2EACDF7-AA49-48F9-8FE3-85F3675C2037}"
EndProject
Project("{FAE04EC0-301F-11D3-BF4B-00C04F79EFBC}") = "CRS.TutorialLib", "..\..\CRS.Common\CRS.TutorialLib\CRS.TutorialLib.csproj", "{062CE98B-7B34-4BEC-A57B-459E4243D1DB}"
EndProject
Global
	GlobalSection(SolutionConfigurationPlatforms) = preSolution
		Debug|Any CPU = Debug|Any CPU
		Debug|x64 = Debug|x64
		Debug|x86 = Debug|x86
		Release|Any CPU = Release|Any CPU
		Release|x64 = Release|x64
		Release|x86 = Release|x86
	EndGlobalSection
	GlobalSection(ProjectConfigurationPlatforms) = postSolution
		{BE4FDACB-01FF-4016-A694-E96BD294DD94}.Debug|Any CPU.ActiveCfg = Debug|Any CPU
		{BE4FDACB-01FF-4016-A694-E96BD294DD94}.Debug|x64.ActiveCfg = Debug|Any CPU
		{BE4FDACB-01FF-4016-A694-E96BD294DD94}.Debug|x64.Build.0 = Debug|Any CPU
		{BE4FDACB-01FF-4016-A694-E96BD294DD94}.Debug|x86.ActiveCfg = Debug|Any CPU
		{BE4FDACB-01FF-4016-A694-E96BD294DD94}.Debug|x86.Build.0 = Debug|Any CPU
		{BE4FDACB-01FF-4016-A694-E96BD294DD94}.Release|Any CPU.ActiveCfg = Release|Any CPU
		{BE4FDACB-01FF-4016-A694-E96BD294DD94}.Release|Any CPU.Build.0 = Release|Any CPU
		{BE4FDACB-01FF-4016-A694-E96BD294DD94}.Release|x64.ActiveCfg = Release|Any CPU
		{BE4FDACB-01FF-4016-A694-E96BD294DD94}.Release|x64.Build.0 = Release|Any CPU
		{BE4FDACB-01FF-4016-A694-E96BD294DD94}.Release|x86.ActiveCfg = Release|Any CPU
		{BE4FDACB-01FF-4016-A694-E96BD294DD94}.Release|x86.Build.0 = Release|Any CPU
		{8EC9E0F2-0898-4377-B272-52F2BBA47BE5}.Debug|Any CPU.ActiveCfg = Debug|Any CPU
		{8EC9E0F2-0898-4377-B272-52F2BBA47BE5}.Debug|x64.ActiveCfg = Debug|Any CPU
		{8EC9E0F2-0898-4377-B272-52F2BBA47BE5}.Debug|x64.Build.0 = Debug|Any CPU
		{8EC9E0F2-0898-4377-B272-52F2BBA47BE5}.Debug|x86.ActiveCfg = Debug|x86
		{8EC9E0F2-0898-4377-B272-52F2BBA47BE5}.Debug|x86.Build.0 = Debug|x86
		{8EC9E0F2-0898-4377-B272-52F2BBA47BE5}.Release|Any CPU.ActiveCfg = Release|Any CPU
		{8EC9E0F2-0898-4377-B272-52F2BBA47BE5}.Release|Any CPU.Build.0 = Release|Any CPU
		{8EC9E0F2-0898-4377-B272-52F2BBA47BE5}.Release|x64.ActiveCfg = Release|Any CPU
		{8EC9E0F2-0898-4377-B272-52F2BBA47BE5}.Release|x64.Build.0 = Release|Any CPU
		{8EC9E0F2-0898-4377-B272-52F2BBA47BE5}.Release|x86.ActiveCfg = Release|x86
		{8EC9E0F2-0898-4377-B272-52F2BBA47BE5}.Release|x86.Build.0 = Release|x86
		{BD897C89-8536-46FE-BA87-FECC8A7CF655}.Debug|Any CPU.ActiveCfg = Debug|Any CPU
		{BD897C89-8536-46FE-BA87-FECC8A7CF655}.Debug|x64.ActiveCfg = Debug|Any CPU
		{BD897C89-8536-46FE-BA87-FECC8A7CF655}.Debug|x64.Build.0 = Debug|Any CPU
		{BD897C89-8536-46FE-BA87-FECC8A7CF655}.Debug|x86.ActiveCfg = Debug|x86
		{BD897C89-8536-46FE-BA87-FECC8A7CF655}.Debug|x86.Build.0 = Debug|x86
		{BD897C89-8536-46FE-BA87-FECC8A7CF655}.Release|Any CPU.ActiveCfg = Release|Any CPU
		{BD897C89-8536-46FE-BA87-FECC8A7CF655}.Release|Any CPU.Build.0 = Release|Any CPU
		{BD897C89-8536-46FE-BA87-FECC8A7CF655}.Release|x64.ActiveCfg = Release|Any CPU
		{BD897C89-8536-46FE-BA87-FECC8A7CF655}.Release|x64.Build.0 = Release|Any CPU
		{BD897C89-8536-46FE-BA87-FECC8A7CF655}.Release|x86.ActiveCfg = Release|x86
		{BD897C89-8536-46FE-BA87-FECC8A7CF655}.Release|x86.Build.0 = Release|x86
		{47AC7285-EDC1-4EF4-BCA8-1CBFF93EC1EB}.Debug|Any CPU.ActiveCfg = Debug|Any CPU
		{47AC7285-EDC1-4EF4-BCA8-1CBFF93EC1EB}.Debug|x64.ActiveCfg = Debug|Any CPU
		{47AC7285-EDC1-4EF4-BCA8-1CBFF93EC1EB}.Debug|x64.Build.0 = Debug|Any CPU
		{47AC7285-EDC1-4EF4-BCA8-1CBFF93EC1EB}.Debug|x86.ActiveCfg = Debug|x86
		{47AC7285-EDC1-4EF4-BCA8-1CBFF93EC1EB}.Debug|x86.Build.0 = Debug|x86
		{47AC7285-EDC1-4EF4-BCA8-1CBFF93EC1EB}.Release|Any CPU.ActiveCfg = Release|Any CPU
		{47AC7285-EDC1-4EF4-BCA8-1CBFF93EC1EB}.Release|Any CPU.Build.0 = Release|Any CPU
		{47AC7285-EDC1-4EF4-BCA8-1CBFF93EC1EB}.Release|x64.ActiveCfg = Release|Any CPU
		{47AC7285-EDC1-4EF4-BCA8-1CBFF93EC1EB}.Release|x64.Build.0 = Release|Any CPU
		{47AC7285-EDC1-4EF4-BCA8-1CBFF93EC1EB}.Release|x86.ActiveCfg = Release|x86
		{47AC7285-EDC1-4EF4-BCA8-1CBFF93EC1EB}.Release|x86.Build.0 = Release|x86
		{F1477261-8650-4542-AD22-E0ADB5FFF53E}.Debug|Any CPU.ActiveCfg = Debug|Any CPU
		{F1477261-8650-4542-AD22-E0ADB5FFF53E}.Debug|x64.ActiveCfg = Debug|Any CPU
		{F1477261-8650-4542-AD22-E0ADB5FFF53E}.Debug|x64.Build.0 = Debug|Any CPU
		{F1477261-8650-4542-AD22-E0ADB5FFF53E}.Debug|x86.ActiveCfg = Debug|Any CPU
		{F1477261-8650-4542-AD22-E0ADB5FFF53E}.Debug|x86.Build.0 = Debug|Any CPU
		{F1477261-8650-4542-AD22-E0ADB5FFF53E}.Release|Any CPU.ActiveCfg = Release|Any CPU
		{F1477261-8650-4542-AD22-E0ADB5FFF53E}.Release|Any CPU.Build.0 = Release|Any CPU
		{F1477261-8650-4542-AD22-E0ADB5FFF53E}.Release|x64.ActiveCfg = Release|Any CPU
		{F1477261-8650-4542-AD22-E0ADB5FFF53E}.Release|x64.Build.0 = Release|Any CPU
		{F1477261-8650-4542-AD22-E0ADB5FFF53E}.Release|x86.ActiveCfg = Release|Any CPU
		{F1477261-8650-4542-AD22-E0ADB5FFF53E}.Release|x86.Build.0 = Release|Any CPU
		{09CC6FE5-D730-48F5-A9BC-27AD64163734}.Debug|Any CPU.ActiveCfg = Debug|Any CPU
		{09CC6FE5-D730-48F5-A9BC-27AD64163734}.Debug|x64.ActiveCfg = Debug|Any CPU
		{09CC6FE5-D730-48F5-A9BC-27AD64163734}.Debug|x64.Build.0 = Debug|Any CPU
		{09CC6FE5-D730-48F5-A9BC-27AD64163734}.Debug|x86.ActiveCfg = Debug|x86
		{09CC6FE5-D730-48F5-A9BC-27AD64163734}.Debug|x86.Build.0 = Debug|x86
		{09CC6FE5-D730-48F5-A9BC-27AD64163734}.Release|Any CPU.ActiveCfg = Release|Any CPU
		{09CC6FE5-D730-48F5-A9BC-27AD64163734}.Release|Any CPU.Build.0 = Release|Any CPU
		{09CC6FE5-D730-48F5-A9BC-27AD64163734}.Release|x64.ActiveCfg = Release|Any CPU
		{09CC6FE5-D730-48F5-A9BC-27AD64163734}.Release|x64.Build.0 = Release|Any CPU
		{09CC6FE5-D730-48F5-A9BC-27AD64163734}.Release|x86.ActiveCfg = Release|x86
		{09CC6FE5-D730-48F5-A9BC-27AD64163734}.Release|x86.Build.0 = Release|x86
		{89B3F42C-185D-4D47-BE3C-467125236C31}.Debug|Any CPU.ActiveCfg = Debug|Any CPU
		{89B3F42C-185D-4D47-BE3C-467125236C31}.Debug|x64.ActiveCfg = Debug|Any CPU
		{89B3F42C-185D-4D47-BE3C-467125236C31}.Debug|x64.Build.0 = Debug|Any CPU
		{89B3F42C-185D-4D47-BE3C-467125236C31}.Debug|x86.ActiveCfg = Debug|x86
		{89B3F42C-185D-4D47-BE3C-467125236C31}.Debug|x86.Build.0 = Debug|x86
		{89B3F42C-185D-4D47-BE3C-467125236C31}.Release|Any CPU.ActiveCfg = Release|Any CPU
		{89B3F42C-185D-4D47-BE3C-467125236C31}.Release|Any CPU.Build.0 = Release|Any CPU
		{89B3F42C-185D-4D47-BE3C-467125236C31}.Release|x64.ActiveCfg = Release|Any CPU
		{89B3F42C-185D-4D47-BE3C-467125236C31}.Release|x64.Build.0 = Release|Any CPU
		{89B3F42C-185D-4D47-BE3C-467125236C31}.Release|x86.ActiveCfg = Release|x86
		{89B3F42C-185D-4D47-BE3C-467125236C31}.Release|x86.Build.0 = Release|x86
		{FE2AF5CE-7D28-4446-97E3-050F91FC2B11}.Debug|Any CPU.ActiveCfg = Debug|Any CPU
		{FE2AF5CE-7D28-4446-97E3-050F91FC2B11}.Debug|x64.ActiveCfg = Debug|Any CPU
		{FE2AF5CE-7D28-4446-97E3-050F91FC2B11}.Debug|x64.Build.0 = Debug|Any CPU
		{FE2AF5CE-7D28-4446-97E3-050F91FC2B11}.Debug|x86.ActiveCfg = Debug|x86
		{FE2AF5CE-7D28-4446-97E3-050F91FC2B11}.Debug|x86.Build.0 = Debug|x86
		{FE2AF5CE-7D28-4446-97E3-050F91FC2B11}.Release|Any CPU.ActiveCfg = Release|Any CPU
		{FE2AF5CE-7D28-4446-97E3-050F91FC2B11}.Release|Any CPU.Build.0 = Release|Any CPU
		{FE2AF5CE-7D28-4446-97E3-050F91FC2B11}.Release|x64.ActiveCfg = Release|Any CPU
		{FE2AF5CE-7D28-4446-97E3-050F91FC2B11}.Release|x64.Build.0 = Release|Any CPU
		{FE2AF5CE-7D28-4446-97E3-050F91FC2B11}.Release|x86.ActiveCfg = Release|x86
		{FE2AF5CE-7D28-4446-97E3-050F91FC2B11}.Release|x86.Build.0 = Release|x86
		{F2EACDF7-AA49-48F9-8FE3-85F3675C2037}.Debug|Any CPU.ActiveCfg = Debug|Any CPU
		{F2EACDF7-AA49-48F9-8FE3-85F3675C2037}.Debug|x64.ActiveCfg = Debug|x64
		{F2EACDF7-AA49-48F9-8FE3-85F3675C2037}.Debug|x64.Build.0 = Debug|x64
		{F2EACDF7-AA49-48F9-8FE3-85F3675C2037}.Debug|x86.ActiveCfg = Debug|x86
		{F2EACDF7-AA49-48F9-8FE3-85F3675C2037}.Debug|x86.Build.0 = Debug|x86
		{F2EACDF7-AA49-48F9-8FE3-85F3675C2037}.Release|Any CPU.ActiveCfg = Release|Any CPU
		{F2EACDF7-AA49-48F9-8FE3-85F3675C2037}.Release|Any CPU.Build.0 = Release|Any CPU
		{F2EACDF7-AA49-48F9-8FE3-85F3675C2037}.Release|x64.ActiveCfg = Release|x64
		{F2EACDF7-AA49-48F9-8FE3-85F3675C2037}.Release|x64.Build.0 = Release|x64
		{F2EACDF7-AA49-48F9-8FE3-85F3675C2037}.Release|x86.ActiveCfg = Release|x86
		{F2EACDF7-AA49-48F9-8FE3-85F3675C2037}.Release|x86.Build.0 = Release|x86
		{062CE98B-7B34-4BEC-A57B-459E4243D1DB}.Debug|Any CPU.ActiveCfg = Debug|Any CPU
		{062CE98B-7B34-4BEC-A57B-459E4243D1DB}.Debug|Any CPU.Build.0 = Debug|Any CPU
		{062CE98B-7B34-4BEC-A57B-459E4243D1DB}.Debug|x64.ActiveCfg = Debug|Any CPU
		{062CE98B-7B34-4BEC-A57B-459E4243D1DB}.Debug|x64.Build.0 = Debug|Any CPU
		{062CE98B-7B34-4BEC-A57B-459E4243D1DB}.Debug|x86.ActiveCfg = Debug|x86
		{062CE98B-7B34-4BEC-A57B-459E4243D1DB}.Debug|x86.Build.0 = Debug|x86
		{062CE98B-7B34-4BEC-A57B-459E4243D1DB}.Release|Any CPU.ActiveCfg = Release|Any CPU
		{062CE98B-7B34-4BEC-A57B-459E4243D1DB}.Release|Any CPU.Build.0 = Release|Any CPU
		{062CE98B-7B34-4BEC-A57B-459E4243D1DB}.Release|x64.ActiveCfg = Release|Any CPU
		{062CE98B-7B34-4BEC-A57B-459E4243D1DB}.Release|x64.Build.0 = Release|Any CPU
		{062CE98B-7B34-4BEC-A57B-459E4243D1DB}.Release|x86.ActiveCfg = Release|x86
		{062CE98B-7B34-4BEC-A57B-459E4243D1DB}.Release|x86.Build.0 = Release|x86
	EndGlobalSection
	GlobalSection(SolutionProperties) = preSolution
		HideSolutionNode = FALSE
	EndGlobalSection
EndGlobal
