
Microsoft Visual Studio Solution File, Format Version 12.00
# Visual Studio Version 17
VisualStudioVersion = 17.14.36518.9
MinimumVisualStudioVersion = 10.0.40219.1
Project("{FAE04EC0-301F-11D3-BF4B-00C04F79EFBC}") = "Crs.Home.ApocalypsApp", "Crs.Home.ApocalypsApp.csproj", "{4120F68B-A1A5-4910-811B-5EF72AC4CFB3}"
EndProject
Project("{FAE04EC0-301F-11D3-BF4B-00C04F79EFBC}") = "Crs.Home.ApocalypsData", "..\Crs.Home.ApocalypsData\Crs.Home.ApocalypsData.csproj", "{713461AB-E46D-4FAC-AC1D-B12FA4991A42}"
EndProject
Project("{FAE04EC0-301F-11D3-BF4B-00C04F79EFBC}") = "Crs.Base.CommonControlsLibrary", "..\..\..\..\REPOSITORY_GIT\crs-base\Crs.Base.CommonControlsLibrary\Crs.Base.CommonControlsLibrary.csproj", "{5AE69DCF-49A1-A45F-255B-432A66135D45}"
EndProject
Project("{FAE04EC0-301F-11D3-BF4B-00C04F79EFBC}") = "Crs.Base.DBaseLibrary", "..\..\..\..\REPOSITORY_GIT\crs-base\Crs.Base.DBaseLibrary\Crs.Base.DBaseLibrary.csproj", "{84AA0B51-CD73-EA92-3296-F53479A27FBB}"
EndProject
Project("{FAE04EC0-301F-11D3-BF4B-00C04F79EFBC}") = "Crs.Base.CommonUtilsLibrary", "..\..\..\..\REPOSITORY_GIT\crs-base\Crs.Base.CommonUtilsLibrary\Crs.Base.CommonUtilsLibrary.csproj", "{4177154C-BC78-619A-5414-8F1C8E7CD2A0}"
EndProject
Global
	GlobalSection(SolutionConfigurationPlatforms) = preSolution
		Debug|Any CPU = Debug|Any CPU
		Release|Any CPU = Release|Any CPU
	EndGlobalSection
	GlobalSection(ProjectConfigurationPlatforms) = postSolution
		{4120F68B-A1A5-4910-811B-5EF72AC4CFB3}.Debug|Any CPU.ActiveCfg = Debug|Any CPU
		{4120F68B-A1A5-4910-811B-5EF72AC4CFB3}.Debug|Any CPU.Build.0 = Debug|Any CPU
		{4120F68B-A1A5-4910-811B-5EF72AC4CFB3}.Release|Any CPU.ActiveCfg = Release|Any CPU
		{4120F68B-A1A5-4910-811B-5EF72AC4CFB3}.Release|Any CPU.Build.0 = Release|Any CPU
		{713461AB-E46D-4FAC-AC1D-B12FA4991A42}.Debug|Any CPU.ActiveCfg = Debug|Any CPU
		{713461AB-E46D-4FAC-AC1D-B12FA4991A42}.Debug|Any CPU.Build.0 = Debug|Any CPU
		{713461AB-E46D-4FAC-AC1D-B12FA4991A42}.Release|Any CPU.ActiveCfg = Release|Any CPU
		{713461AB-E46D-4FAC-AC1D-B12FA4991A42}.Release|Any CPU.Build.0 = Release|Any CPU
		{5AE69DCF-49A1-A45F-255B-432A66135D45}.Debug|Any CPU.ActiveCfg = Debug|Any CPU
		{5AE69DCF-49A1-A45F-255B-432A66135D45}.Debug|Any CPU.Build.0 = Debug|Any CPU
		{5AE69DCF-49A1-A45F-255B-432A66135D45}.Release|Any CPU.ActiveCfg = Release|Any CPU
		{5AE69DCF-49A1-A45F-255B-432A66135D45}.Release|Any CPU.Build.0 = Release|Any CPU
		{84AA0B51-CD73-EA92-3296-F53479A27FBB}.Debug|Any CPU.ActiveCfg = Debug|Any CPU
		{84AA0B51-CD73-EA92-3296-F53479A27FBB}.Debug|Any CPU.Build.0 = Debug|Any CPU
		{84AA0B51-CD73-EA92-3296-F53479A27FBB}.Release|Any CPU.ActiveCfg = Release|Any CPU
		{84AA0B51-CD73-EA92-3296-F53479A27FBB}.Release|Any CPU.Build.0 = Release|Any CPU
		{4177154C-BC78-619A-5414-8F1C8E7CD2A0}.Debug|Any CPU.ActiveCfg = Debug|Any CPU
		{4177154C-BC78-619A-5414-8F1C8E7CD2A0}.Debug|Any CPU.Build.0 = Debug|Any CPU
		{4177154C-BC78-619A-5414-8F1C8E7CD2A0}.Release|Any CPU.ActiveCfg = Release|Any CPU
		{4177154C-BC78-619A-5414-8F1C8E7CD2A0}.Release|Any CPU.Build.0 = Release|Any CPU
	EndGlobalSection
	GlobalSection(SolutionProperties) = preSolution
		HideSolutionNode = FALSE
	EndGlobalSection
	GlobalSection(ExtensibilityGlobals) = postSolution
		SolutionGuid = {BF26FE1E-3AB2-4218-9797-52657CE3F1A3}
	EndGlobalSection
EndGlobal
